
Microsoft Visual Studio Solution File, Format Version 12.00
# Visual Studio Version 16
VisualStudioVersion = 16.0.29728.190
MinimumVisualStudioVersion = 10.0.40219.1
Project("{FAE04EC0-301F-11D3-BF4B-00C04F79EFBC}") = "XamarinMVVC.Android", "XamarinMVVC\XamarinMVVC.Android\XamarinMVVC.Android.csproj", "{31FF0E1F-A976-4BE7-A6C6-719037DE1863}"
EndProject
Project("{FAE04EC0-301F-11D3-BF4B-00C04F79EFBC}") = "XamarinMVVC.iOS", "XamarinMVVC\XamarinMVVC.iOS\XamarinMVVC.iOS.csproj", "{BC9ABC25-6688-4F60-90F5-4FCFB641EA5F}"
EndProject
Project("{FAE04EC0-301F-11D3-BF4B-00C04F79EFBC}") = "XamarinMVVC", "XamarinMVVC\XamarinMVVC\XamarinMVVC.csproj", "{5FED4674-5B39-437B-B1AB-41AD8E3E9ACB}"
EndProject
Global
	GlobalSection(SolutionConfigurationPlatforms) = preSolution
		Debug|Any CPU = Debug|Any CPU
		Debug|iPhone = Debug|iPhone
		Debug|iPhoneSimulator = Debug|iPhoneSimulator
		Release|Any CPU = Release|Any CPU
		Release|iPhone = Release|iPhone
		Release|iPhoneSimulator = Release|iPhoneSimulator
	EndGlobalSection
	GlobalSection(ProjectConfigurationPlatforms) = postSolution
		{31FF0E1F-A976-4BE7-A6C6-719037DE1863}.Debug|Any CPU.ActiveCfg = Debug|Any CPU
		{31FF0E1F-A976-4BE7-A6C6-719037DE1863}.Debug|Any CPU.Build.0 = Debug|Any CPU
		{31FF0E1F-A976-4BE7-A6C6-719037DE1863}.Debug|Any CPU.Deploy.0 = Debug|Any CPU
		{31FF0E1F-A976-4BE7-A6C6-719037DE1863}.Debug|iPhone.ActiveCfg = Debug|Any CPU
		{31FF0E1F-A976-4BE7-A6C6-719037DE1863}.Debug|iPhone.Build.0 = Debug|Any CPU
		{31FF0E1F-A976-4BE7-A6C6-719037DE1863}.Debug|iPhone.Deploy.0 = Debug|Any CPU
		{31FF0E1F-A976-4BE7-A6C6-719037DE1863}.Debug|iPhoneSimulator.ActiveCfg = Debug|Any CPU
		{31FF0E1F-A976-4BE7-A6C6-719037DE1863}.Debug|iPhoneSimulator.Build.0 = Debug|Any CPU
		{31FF0E1F-A976-4BE7-A6C6-719037DE1863}.Debug|iPhoneSimulator.Deploy.0 = Debug|Any CPU
		{31FF0E1F-A976-4BE7-A6C6-719037DE1863}.Release|Any CPU.ActiveCfg = Release|Any CPU
		{31FF0E1F-A976-4BE7-A6C6-719037DE1863}.Release|Any CPU.Build.0 = Release|Any CPU
		{31FF0E1F-A976-4BE7-A6C6-719037DE1863}.Release|Any CPU.Deploy.0 = Release|Any CPU
		{31FF0E1F-A976-4BE7-A6C6-719037DE1863}.Release|iPhone.ActiveCfg = Release|Any CPU
		{31FF0E1F-A976-4BE7-A6C6-719037DE1863}.Release|iPhone.Build.0 = Release|Any CPU
		{31FF0E1F-A976-4BE7-A6C6-719037DE1863}.Release|iPhone.Deploy.0 = Release|Any CPU
		{31FF0E1F-A976-4BE7-A6C6-719037DE1863}.Release|iPhoneSimulator.ActiveCfg = Release|Any CPU
		{31FF0E1F-A976-4BE7-A6C6-719037DE1863}.Release|iPhoneSimulator.Build.0 = Release|Any CPU
		{31FF0E1F-A976-4BE7-A6C6-719037DE1863}.Release|iPhoneSimulator.Deploy.0 = Release|Any CPU
		{BC9ABC25-6688-4F60-90F5-4FCFB641EA5F}.Debug|Any CPU.ActiveCfg = Debug|iPhoneSimulator
		{BC9ABC25-6688-4F60-90F5-4FCFB641EA5F}.Debug|Any CPU.Build.0 = Debug|iPhoneSimulator
		{BC9ABC25-6688-4F60-90F5-4FCFB641EA5F}.Debug|Any CPU.Deploy.0 = Debug|iPhoneSimulator
		{BC9ABC25-6688-4F60-90F5-4FCFB641EA5F}.Debug|iPhone.ActiveCfg = Debug|iPhone
		{BC9ABC25-6688-4F60-90F5-4FCFB641EA5F}.Debug|iPhone.Build.0 = Debug|iPhone
		{BC9ABC25-6688-4F60-90F5-4FCFB641EA5F}.Debug|iPhone.Deploy.0 = Debug|iPhone
		{BC9ABC25-6688-4F60-90F5-4FCFB641EA5F}.Debug|iPhoneSimulator.ActiveCfg = Debug|iPhoneSimulator
		{BC9ABC25-6688-4F60-90F5-4FCFB641EA5F}.Debug|iPhoneSimulator.Build.0 = Debug|iPhoneSimulator
		{BC9ABC25-6688-4F60-90F5-4FCFB641EA5F}.Debug|iPhoneSimulator.Deploy.0 = Debug|iPhoneSimulator
		{BC9ABC25-6688-4F60-90F5-4FCFB641EA5F}.Release|Any CPU.ActiveCfg = Release|iPhone
		{BC9ABC25-6688-4F60-90F5-4FCFB641EA5F}.Release|Any CPU.Build.0 = Release|iPhone
		{BC9ABC25-6688-4F60-90F5-4FCFB641EA5F}.Release|Any CPU.Deploy.0 = Release|iPhone
		{BC9ABC25-6688-4F60-90F5-4FCFB641EA5F}.Release|iPhone.ActiveCfg = Release|iPhone
		{BC9ABC25-6688-4F60-90F5-4FCFB641EA5F}.Release|iPhone.Build.0 = Release|iPhone
		{BC9ABC25-6688-4F60-90F5-4FCFB641EA5F}.Release|iPhone.Deploy.0 = Release|iPhone
		{BC9ABC25-6688-4F60-90F5-4FCFB641EA5F}.Release|iPhoneSimulator.ActiveCfg = Release|iPhoneSimulator
		{BC9ABC25-6688-4F60-90F5-4FCFB641EA5F}.Release|iPhoneSimulator.Build.0 = Release|iPhoneSimulator
		{BC9ABC25-6688-4F60-90F5-4FCFB641EA5F}.Release|iPhoneSimulator.Deploy.0 = Release|iPhoneSimulator
		{5FED4674-5B39-437B-B1AB-41AD8E3E9ACB}.Debug|Any CPU.ActiveCfg = Debug|Any CPU
		{5FED4674-5B39-437B-B1AB-41AD8E3E9ACB}.Debug|Any CPU.Build.0 = Debug|Any CPU
		{5FED4674-5B39-437B-B1AB-41AD8E3E9ACB}.Debug|Any CPU.Deploy.0 = Debug|Any CPU
		{5FED4674-5B39-437B-B1AB-41AD8E3E9ACB}.Debug|iPhone.ActiveCfg = Debug|Any CPU
		{5FED4674-5B39-437B-B1AB-41AD8E3E9ACB}.Debug|iPhone.Build.0 = Debug|Any CPU
		{5FED4674-5B39-437B-B1AB-41AD8E3E9ACB}.Debug|iPhone.Deploy.0 = Debug|Any CPU
		{5FED4674-5B39-437B-B1AB-41AD8E3E9ACB}.Debug|iPhoneSimulator.ActiveCfg = Debug|Any CPU
		{5FED4674-5B39-437B-B1AB-41AD8E3E9ACB}.Debug|iPhoneSimulator.Build.0 = Debug|Any CPU
		{5FED4674-5B39-437B-B1AB-41AD8E3E9ACB}.Debug|iPhoneSimulator.Deploy.0 = Debug|Any CPU
		{5FED4674-5B39-437B-B1AB-41AD8E3E9ACB}.Release|Any CPU.ActiveCfg = Release|Any CPU
		{5FED4674-5B39-437B-B1AB-41AD8E3E9ACB}.Release|Any CPU.Build.0 = Release|Any CPU
		{5FED4674-5B39-437B-B1AB-41AD8E3E9ACB}.Release|Any CPU.Deploy.0 = Release|Any CPU
		{5FED4674-5B39-437B-B1AB-41AD8E3E9ACB}.Release|iPhone.ActiveCfg = Release|Any CPU
		{5FED4674-5B39-437B-B1AB-41AD8E3E9ACB}.Release|iPhone.Build.0 = Release|Any CPU
		{5FED4674-5B39-437B-B1AB-41AD8E3E9ACB}.Release|iPhone.Deploy.0 = Release|Any CPU
		{5FED4674-5B39-437B-B1AB-41AD8E3E9ACB}.Release|iPhoneSimulator.ActiveCfg = Release|Any CPU
		{5FED4674-5B39-437B-B1AB-41AD8E3E9ACB}.Release|iPhoneSimulator.Build.0 = Release|Any CPU
		{5FED4674-5B39-437B-B1AB-41AD8E3E9ACB}.Release|iPhoneSimulator.Deploy.0 = Release|Any CPU
	EndGlobalSection
	GlobalSection(SolutionProperties) = preSolution
		HideSolutionNode = FALSE
	EndGlobalSection
	GlobalSection(ExtensibilityGlobals) = postSolution
		SolutionGuid = {F6E983F8-9BE1-476C-A142-A087612A5C88}
	EndGlobalSection
EndGlobal
